// !$*UTF8*$!
{
	archiveVersion = 1;
	classes = {
	};
	objectVersion = 77;
	objects = {

/* Begin PBXBuildFile section */
		73D357E42D88970000BA69A1 /* Assets.xcassets in Resources */ = {isa = PBXBuildFile; fileRef = 73D357D72D88970000BA69A1 /* Assets.xcassets */; };
		73D357E62D88970000BA69A1 /* LaunchScreen.storyboard in Resources */ = {isa = PBXBuildFile; fileRef = 73D357E12D88970000BA69A1 /* LaunchScreen.storyboard */; };
		73D357E72D88970000BA69A1 /* ItemModel.swift in Sources */ = {isa = PBXBuildFile; fileRef = 73D357D52D88970000BA69A1 /* ItemModel.swift */; };
		73D357E82D88970000BA69A1 /* ClothingManager.swift in Sources */ = {isa = PBXBuildFile; fileRef = 73D357D92D88970000BA69A1 /* ClothingManager.swift */; };
		73D357E92D88970000BA69A1 /* OutfitManager.swift in Sources */ = {isa = PBXBuildFile; fileRef = 73D357DA2D88970000BA69A1 /* OutfitManager.swift */; };
		73D357EB2D88970000BA69A1 /* AppDelegate.swift in Sources */ = {isa = PBXBuildFile; fileRef = 73D357DE2D88970000BA69A1 /* AppDelegate.swift */; };
		73D357EC2D88970000BA69A1 /* SceneDelegate.swift in Sources */ = {isa = PBXBuildFile; fileRef = 73D357E22D88970000BA69A1 /* SceneDelegate.swift */; };
		73D357EF2D89F0D900BA69A1 /* ClothingViewController.swift in Sources */ = {isa = PBXBuildFile; fileRef = 73D357EE2D89F0D500BA69A1 /* ClothingViewController.swift */; };
		73D357F12D89F10000BA69A1 /* ClothingRootView.swift in Sources */ = {isa = PBXBuildFile; fileRef = 73D357F02D89F0FD00BA69A1 /* ClothingRootView.swift */; };
		73D357F52D89FEC400BA69A1 /* ClothingCustomCell.swift in Sources */ = {isa = PBXBuildFile; fileRef = 73D357F42D89FB6100BA69A1 /* ClothingCustomCell.swift */; };
/* End PBXBuildFile section */

/* Begin PBXFileReference section */
		73D357652D882AC700BA69A1 /* WearJoyment.app */ = {isa = PBXFileReference; explicitFileType = wrapper.application; includeInIndex = 0; name = WearJoyment.app; path = "/Users/polinasokolova/Desktop/учеба /мое приложение по одежде /WearJoyment/build/Debug-iphoneos/WearJoyment.app"; sourceTree = "<absolute>"; };
		73D357D52D88970000BA69A1 /* ItemModel.swift */ = {isa = PBXFileReference; lastKnownFileType = sourcecode.swift; path = ItemModel.swift; sourceTree = "<group>"; };
		73D357D72D88970000BA69A1 /* Assets.xcassets */ = {isa = PBXFileReference; lastKnownFileType = folder.assetcatalog; path = Assets.xcassets; sourceTree = "<group>"; };
		73D357D92D88970000BA69A1 /* ClothingManager.swift */ = {isa = PBXFileReference; lastKnownFileType = sourcecode.swift; path = ClothingManager.swift; sourceTree = "<group>"; };
		73D357DA2D88970000BA69A1 /* OutfitManager.swift */ = {isa = PBXFileReference; lastKnownFileType = sourcecode.swift; path = OutfitManager.swift; sourceTree = "<group>"; };
		73D357DE2D88970000BA69A1 /* AppDelegate.swift */ = {isa = PBXFileReference; lastKnownFileType = sourcecode.swift; path = AppDelegate.swift; sourceTree = "<group>"; };
		73D357DF2D88970000BA69A1 /* Info.plist */ = {isa = PBXFileReference; lastKnownFileType = text.plist.xml; path = Info.plist; sourceTree = "<group>"; };
		73D357E02D88970000BA69A1 /* Base */ = {isa = PBXFileReference; lastKnownFileType = file.storyboard; name = Base; path = Base.lproj/LaunchScreen.storyboard; sourceTree = "<group>"; };
		73D357E22D88970000BA69A1 /* SceneDelegate.swift */ = {isa = PBXFileReference; lastKnownFileType = sourcecode.swift; path = SceneDelegate.swift; sourceTree = "<group>"; };
		73D357EE2D89F0D500BA69A1 /* ClothingViewController.swift */ = {isa = PBXFileReference; lastKnownFileType = sourcecode.swift; path = ClothingViewController.swift; sourceTree = "<group>"; };
		73D357F02D89F0FD00BA69A1 /* ClothingRootView.swift */ = {isa = PBXFileReference; lastKnownFileType = sourcecode.swift; path = ClothingRootView.swift; sourceTree = "<group>"; };
		73D357F42D89FB6100BA69A1 /* ClothingCustomCell.swift */ = {isa = PBXFileReference; lastKnownFileType = sourcecode.swift; path = ClothingCustomCell.swift; sourceTree = "<group>"; };
/* End PBXFileReference section */

/* Begin PBXFrameworksBuildPhase section */
		73D357622D882AC700BA69A1 /* Frameworks */ = {
			isa = PBXFrameworksBuildPhase;
			buildActionMask = 2147483647;
			files = (
			);
			runOnlyForDeploymentPostprocessing = 0;
		};
/* End PBXFrameworksBuildPhase section */

/* Begin PBXGroup section */
		73D3575C2D882AC700BA69A1 = {
			isa = PBXGroup;
			children = (
				73D357E32D88970000BA69A1 /* WearJoyment */,
			);
			sourceTree = "<group>";
		};
		73D357D62D88970000BA69A1 /* Models */ = {
			isa = PBXGroup;
			children = (
				73D357D52D88970000BA69A1 /* ItemModel.swift */,
			);
			path = Models;
			sourceTree = "<group>";
		};
		73D357D82D88970000BA69A1 /* Resources */ = {
			isa = PBXGroup;
			children = (
				73D357D72D88970000BA69A1 /* Assets.xcassets */,
			);
			path = Resources;
			sourceTree = "<group>";
		};
		73D357DB2D88970000BA69A1 /* Services */ = {
			isa = PBXGroup;
			children = (
				73D357D92D88970000BA69A1 /* ClothingManager.swift */,
				73D357DA2D88970000BA69A1 /* OutfitManager.swift */,
			);
			path = Services;
			sourceTree = "<group>";
		};
		73D357DD2D88970000BA69A1 /* ViewControllers */ = {
			isa = PBXGroup;
			children = (
				73D357EE2D89F0D500BA69A1 /* ClothingViewController.swift */,
			);
			path = ViewControllers;
			sourceTree = "<group>";
		};
		73D357E32D88970000BA69A1 /* WearJoyment */ = {
			isa = PBXGroup;
			children = (
				73D357DE2D88970000BA69A1 /* AppDelegate.swift */,
				73D357E22D88970000BA69A1 /* SceneDelegate.swift */,
				73D357F22D89FB3100BA69A1 /* CustomElements */,
				73D357ED2D889AD600BA69A1 /* CustomRootView */,
				73D357DD2D88970000BA69A1 /* ViewControllers */,
				73D357D62D88970000BA69A1 /* Models */,
				73D357DB2D88970000BA69A1 /* Services */,
				73D357D82D88970000BA69A1 /* Resources */,
				73D357DF2D88970000BA69A1 /* Info.plist */,
				73D357E12D88970000BA69A1 /* LaunchScreen.storyboard */,
			);
			path = WearJoyment;
			sourceTree = "<group>";
		};
		73D357ED2D889AD600BA69A1 /* CustomRootView */ = {
			isa = PBXGroup;
			children = (
				73D357F02D89F0FD00BA69A1 /* ClothingRootView.swift */,
			);
			path = CustomRootView;
			sourceTree = "<group>";
		};
		73D357F22D89FB3100BA69A1 /* CustomElements */ = {
			isa = PBXGroup;
			children = (
				73D357F42D89FB6100BA69A1 /* ClothingCustomCell.swift */,
			);
			path = CustomElements;
			sourceTree = "<group>";
		};
/* End PBXGroup section */

/* Begin PBXNativeTarget section */
		73D357642D882AC700BA69A1 /* WearJoyment */ = {
			isa = PBXNativeTarget;
			buildConfigurationList = 73D357782D882ACC00BA69A1 /* Build configuration list for PBXNativeTarget "WearJoyment" */;
			buildPhases = (
				73D357612D882AC700BA69A1 /* Sources */,
				73D357622D882AC700BA69A1 /* Frameworks */,
				73D357632D882AC700BA69A1 /* Resources */,
			);
			buildRules = (
			);
			dependencies = (
			);
			name = WearJoyment;
			packageProductDependencies = (
			);
			productName = WearJoyment;
			productReference = 73D357652D882AC700BA69A1 /* WearJoyment.app */;
			productType = "com.apple.product-type.application";
		};
/* End PBXNativeTarget section */

/* Begin PBXProject section */
		73D3575D2D882AC700BA69A1 /* Project object */ = {
			isa = PBXProject;
			attributes = {
				BuildIndependentTargetsInParallel = 1;
				LastSwiftUpdateCheck = 1600;
				LastUpgradeCheck = 1600;
				TargetAttributes = {
					73D357642D882AC700BA69A1 = {
						CreatedOnToolsVersion = 16.0;
					};
				};
			};
			buildConfigurationList = 73D357602D882AC700BA69A1 /* Build configuration list for PBXProject "WearJoyment" */;
			developmentRegion = en;
			hasScannedForEncodings = 0;
			knownRegions = (
				en,
				Base,
			);
			mainGroup = 73D3575C2D882AC700BA69A1;
			minimizedProjectReferenceProxies = 1;
			preferredProjectObjectVersion = 77;
			productRefGroup = 73D3575C2D882AC700BA69A1;
			projectDirPath = "";
			projectRoot = "";
			targets = (
				73D357642D882AC700BA69A1 /* WearJoyment */,
			);
		};
/* End PBXProject section */

/* Begin PBXResourcesBuildPhase section */
		73D357632D882AC700BA69A1 /* Resources */ = {
			isa = PBXResourcesBuildPhase;
			buildActionMask = 2147483647;
			files = (
				73D357E42D88970000BA69A1 /* Assets.xcassets in Resources */,
				73D357E62D88970000BA69A1 /* LaunchScreen.storyboard in Resources */,
			);
			runOnlyForDeploymentPostprocessing = 0;
		};
/* End PBXResourcesBuildPhase section */

/* Begin PBXSourcesBuildPhase section */
		73D357612D882AC700BA69A1 /* Sources */ = {
			isa = PBXSourcesBuildPhase;
			buildActionMask = 2147483647;
			files = (
				73D357F12D89F10000BA69A1 /* ClothingRootView.swift in Sources */,
				73D357E72D88970000BA69A1 /* ItemModel.swift in Sources */,
				73D357F52D89FEC400BA69A1 /* ClothingCustomCell.swift in Sources */,
				73D357E82D88970000BA69A1 /* ClothingManager.swift in Sources */,
				73D357E92D88970000BA69A1 /* OutfitManager.swift in Sources */,
				73D357EF2D89F0D900BA69A1 /* ClothingViewController.swift in Sources */,
				73D357EB2D88970000BA69A1 /* AppDelegate.swift in Sources */,
				73D357EC2D88970000BA69A1 /* SceneDelegate.swift in Sources */,
			);
			runOnlyForDeploymentPostprocessing = 0;
		};
/* End PBXSourcesBuildPhase section */

/* Begin PBXVariantGroup section */
		73D357E12D88970000BA69A1 /* LaunchScreen.storyboard */ = {
			isa = PBXVariantGroup;
			children = (
				73D357E02D88970000BA69A1 /* Base */,
			);
			name = LaunchScreen.storyboard;
			sourceTree = "<group>";
		};
/* End PBXVariantGroup section */

/* Begin XCBuildConfiguration section */
		73D357792D882ACC00BA69A1 /* Debug */ = {
			isa = XCBuildConfiguration;
			buildSettings = {
				ASSETCATALOG_COMPILER_APPICON_NAME = AppIcon;
				ASSETCATALOG_COMPILER_GLOBAL_ACCENT_COLOR_NAME = AccentColor;
				CODE_SIGN_STYLE = Automatic;
				CURRENT_PROJECT_VERSION = 1;
				DEVELOPMENT_TEAM = D3TCQ88CYB;
				GENERATE_INFOPLIST_FILE = YES;
				INFOPLIST_FILE = WearJoyment/Info.plist;
				INFOPLIST_KEY_UIApplicationSupportsIndirectInputEvents = YES;
				INFOPLIST_KEY_UILaunchStoryboardName = LaunchScreen;
				INFOPLIST_KEY_UISupportedInterfaceOrientations_iPad = "UIInterfaceOrientationPortrait UIInterfaceOrientationPortraitUpsideDown UIInterfaceOrientationLandscapeLeft UIInterfaceOrientationLandscapeRight";
				INFOPLIST_KEY_UISupportedInterfaceOrientations_iPhone = "UIInterfaceOrientationPortrait UIInterfaceOrientationLandscapeLeft UIInterfaceOrientationLandscapeRight";
				LD_RUNPATH_SEARCH_PATHS = (
					"$(inherited)",
					"@executable_path/Frameworks",
				);
				MARKETING_VERSION = 1.0;
				PRODUCT_BUNDLE_IDENTIFIER = PolinaSokolova.WearJoyment;
				PRODUCT_NAME = "$(TARGET_NAME)";
				SWIFT_EMIT_LOC_STRINGS = YES;
				SWIFT_VERSION = 5.0;
				TARGETED_DEVICE_FAMILY = "1,2";
			};
			name = Debug;
		};
		73D3577A2D882ACC00BA69A1 /* Release */ = {
			isa = XCBuildConfiguration;
			buildSettings = {
				ASSETCATALOG_COMPILER_APPICON_NAME = AppIcon;
				ASSETCATALOG_COMPILER_GLOBAL_ACCENT_COLOR_NAME = AccentColor;
				CODE_SIGN_STYLE = Automatic;
				CURRENT_PROJECT_VERSION = 1;
				DEVELOPMENT_TEAM = D3TCQ88CYB;
				GENERATE_INFOPLIST_FILE = YES;
				INFOPLIST_FILE = WearJoyment/Info.plist;
				INFOPLIST_KEY_UIApplicationSupportsIndirectInputEvents = YES;
				INFOPLIST_KEY_UILaunchStoryboardName = LaunchScreen;
				INFOPLIST_KEY_UISupportedInterfaceOrientations_iPad = "UIInterfaceOrientationPortrait UIInterfaceOrientationPortraitUpsideDown UIInterfaceOrientationLandscapeLeft UIInterfaceOrientationLandscapeRight";
				INFOPLIST_KEY_UISupportedInterfaceOrientations_iPhone = "UIInterfaceOrientationPortrait UIInterfaceOrientationLandscapeLeft UIInterfaceOrientationLandscapeRight";
				LD_RUNPATH_SEARCH_PATHS = (
					"$(inherited)",
					"@executable_path/Frameworks",
				);
				MARKETING_VERSION = 1.0;
				PRODUCT_BUNDLE_IDENTIFIER = PolinaSokolova.WearJoyment;
				PRODUCT_NAME = "$(TARGET_NAME)";
				SWIFT_EMIT_LOC_STRINGS = YES;
				SWIFT_VERSION = 5.0;
				TARGETED_DEVICE_FAMILY = "1,2";
			};
			name = Release;
		};
		73D3577B2D882ACC00BA69A1 /* Debug */ = {
			isa = XCBuildConfiguration;
			buildSettings = {
				ALWAYS_SEARCH_USER_PATHS = NO;
				ASSETCATALOG_COMPILER_GENERATE_SWIFT_ASSET_SYMBOL_EXTENSIONS = YES;
				CLANG_ANALYZER_NONNULL = YES;
				CLANG_ANALYZER_NUMBER_OBJECT_CONVERSION = YES_AGGRESSIVE;
				CLANG_CXX_LANGUAGE_STANDARD = "gnu++20";
				CLANG_ENABLE_MODULES = YES;
				CLANG_ENABLE_OBJC_ARC = YES;
				CLANG_ENABLE_OBJC_WEAK = YES;
				CLANG_WARN_BLOCK_CAPTURE_AUTORELEASING = YES;
				CLANG_WARN_BOOL_CONVERSION = YES;
				CLANG_WARN_COMMA = YES;
				CLANG_WARN_CONSTANT_CONVERSION = YES;
				CLANG_WARN_DEPRECATED_OBJC_IMPLEMENTATIONS = YES;
				CLANG_WARN_DIRECT_OBJC_ISA_USAGE = YES_ERROR;
				CLANG_WARN_DOCUMENTATION_COMMENTS = YES;
				CLANG_WARN_EMPTY_BODY = YES;
				CLANG_WARN_ENUM_CONVERSION = YES;
				CLANG_WARN_INFINITE_RECURSION = YES;
				CLANG_WARN_INT_CONVERSION = YES;
				CLANG_WARN_NON_LITERAL_NULL_CONVERSION = YES;
				CLANG_WARN_OBJC_IMPLICIT_RETAIN_SELF = YES;
				CLANG_WARN_OBJC_LITERAL_CONVERSION = YES;
				CLANG_WARN_OBJC_ROOT_CLASS = YES_ERROR;
				CLANG_WARN_QUOTED_INCLUDE_IN_FRAMEWORK_HEADER = YES;
				CLANG_WARN_RANGE_LOOP_ANALYSIS = YES;
				CLANG_WARN_STRICT_PROTOTYPES = YES;
				CLANG_WARN_SUSPICIOUS_MOVE = YES;
				CLANG_WARN_UNGUARDED_AVAILABILITY = YES_AGGRESSIVE;
				CLANG_WARN_UNREACHABLE_CODE = YES;
				CLANG_WARN__DUPLICATE_METHOD_MATCH = YES;
				COPY_PHASE_STRIP = NO;
				DEBUG_INFORMATION_FORMAT = dwarf;
				ENABLE_STRICT_OBJC_MSGSEND = YES;
				ENABLE_TESTABILITY = YES;
				ENABLE_USER_SCRIPT_SANDBOXING = YES;
				GCC_C_LANGUAGE_STANDARD = gnu17;
				GCC_DYNAMIC_NO_PIC = NO;
				GCC_NO_COMMON_BLOCKS = YES;
				GCC_OPTIMIZATION_LEVEL = 0;
				GCC_PREPROCESSOR_DEFINITIONS = (
					"DEBUG=1",
					"$(inherited)",
				);
				GCC_WARN_64_TO_32_BIT_CONVERSION = YES;
				GCC_WARN_ABOUT_RETURN_TYPE = YES_ERROR;
				GCC_WARN_UNDECLARED_SELECTOR = YES;
				GCC_WARN_UNINITIALIZED_AUTOS = YES_AGGRESSIVE;
				GCC_WARN_UNUSED_FUNCTION = YES;
				GCC_WARN_UNUSED_VARIABLE = YES;
				IPHONEOS_DEPLOYMENT_TARGET = 18.0;
				LOCALIZATION_PREFERS_STRING_CATALOGS = YES;
				MTL_ENABLE_DEBUG_INFO = INCLUDE_SOURCE;
				MTL_FAST_MATH = YES;
				ONLY_ACTIVE_ARCH = YES;
				SDKROOT = iphoneos;
				SWIFT_ACTIVE_COMPILATION_CONDITIONS = "DEBUG $(inherited)";
				SWIFT_OPTIMIZATION_LEVEL = "-Onone";
			};
			name = Debug;
		};
		73D3577C2D882ACC00BA69A1 /* Release */ = {
			isa = XCBuildConfiguration;
			buildSettings = {
				ALWAYS_SEARCH_USER_PATHS = NO;
				ASSETCATALOG_COMPILER_GENERATE_SWIFT_ASSET_SYMBOL_EXTENSIONS = YES;
				CLANG_ANALYZER_NONNULL = YES;
				CLANG_ANALYZER_NUMBER_OBJECT_CONVERSION = YES_AGGRESSIVE;
				CLANG_CXX_LANGUAGE_STANDARD = "gnu++20";
				CLANG_ENABLE_MODULES = YES;
				CLANG_ENABLE_OBJC_ARC = YES;
				CLANG_ENABLE_OBJC_WEAK = YES;
				CLANG_WARN_BLOCK_CAPTURE_AUTORELEASING = YES;
				CLANG_WARN_BOOL_CONVERSION = YES;
				CLANG_WARN_COMMA = YES;
				CLANG_WARN_CONSTANT_CONVERSION = YES;
				CLANG_WARN_DEPRECATED_OBJC_IMPLEMENTATIONS = YES;
				CLANG_WARN_DIRECT_OBJC_ISA_USAGE = YES_ERROR;
				CLANG_WARN_DOCUMENTATION_COMMENTS = YES;
				CLANG_WARN_EMPTY_BODY = YES;
				CLANG_WARN_ENUM_CONVERSION = YES;
				CLANG_WARN_INFINITE_RECURSION = YES;
				CLANG_WARN_INT_CONVERSION = YES;
				CLANG_WARN_NON_LITERAL_NULL_CONVERSION = YES;
				CLANG_WARN_OBJC_IMPLICIT_RETAIN_SELF = YES;
				CLANG_WARN_OBJC_LITERAL_CONVERSION = YES;
				CLANG_WARN_OBJC_ROOT_CLASS = YES_ERROR;
				CLANG_WARN_QUOTED_INCLUDE_IN_FRAMEWORK_HEADER = YES;
				CLANG_WARN_RANGE_LOOP_ANALYSIS = YES;
				CLANG_WARN_STRICT_PROTOTYPES = YES;
				CLANG_WARN_SUSPICIOUS_MOVE = YES;
				CLANG_WARN_UNGUARDED_AVAILABILITY = YES_AGGRESSIVE;
				CLANG_WARN_UNREACHABLE_CODE = YES;
				CLANG_WARN__DUPLICATE_METHOD_MATCH = YES;
				COPY_PHASE_STRIP = NO;
				DEBUG_INFORMATION_FORMAT = "dwarf-with-dsym";
				ENABLE_NS_ASSERTIONS = NO;
				ENABLE_STRICT_OBJC_MSGSEND = YES;
				ENABLE_USER_SCRIPT_SANDBOXING = YES;
				GCC_C_LANGUAGE_STANDARD = gnu17;
				GCC_NO_COMMON_BLOCKS = YES;
				GCC_WARN_64_TO_32_BIT_CONVERSION = YES;
				GCC_WARN_ABOUT_RETURN_TYPE = YES_ERROR;
				GCC_WARN_UNDECLARED_SELECTOR = YES;
				GCC_WARN_UNINITIALIZED_AUTOS = YES_AGGRESSIVE;
				GCC_WARN_UNUSED_FUNCTION = YES;
				GCC_WARN_UNUSED_VARIABLE = YES;
				IPHONEOS_DEPLOYMENT_TARGET = 18.0;
				LOCALIZATION_PREFERS_STRING_CATALOGS = YES;
				MTL_ENABLE_DEBUG_INFO = NO;
				MTL_FAST_MATH = YES;
				SDKROOT = iphoneos;
				SWIFT_COMPILATION_MODE = wholemodule;
				VALIDATE_PRODUCT = YES;
			};
			name = Release;
		};
/* End XCBuildConfiguration section */

/* Begin XCConfigurationList section */
		73D357602D882AC700BA69A1 /* Build configuration list for PBXProject "WearJoyment" */ = {
			isa = XCConfigurationList;
			buildConfigurations = (
				73D3577B2D882ACC00BA69A1 /* Debug */,
				73D3577C2D882ACC00BA69A1 /* Release */,
			);
			defaultConfigurationIsVisible = 0;
			defaultConfigurationName = Release;
		};
		73D357782D882ACC00BA69A1 /* Build configuration list for PBXNativeTarget "WearJoyment" */ = {
			isa = XCConfigurationList;
			buildConfigurations = (
				73D357792D882ACC00BA69A1 /* Debug */,
				73D3577A2D882ACC00BA69A1 /* Release */,
			);
			defaultConfigurationIsVisible = 0;
			defaultConfigurationName = Release;
		};
/* End XCConfigurationList section */
	};
	rootObject = 73D3575D2D882AC700BA69A1 /* Project object */;
}
